
Microsoft Visual Studio Solution File, Format Version 12.00
# Visual Studio 15
Project("{FAE04EC0-301F-11D3-BF4B-00C04F79EFBC}") = "Health.Web", "Health.Web\Health.Web.csproj", "{916E9126-F8B0-4293-8F7A-2E638BEE2B80}"
EndProject
Project("{FAE04EC0-301F-11D3-BF4B-00C04F79EFBC}") = "Health.Api", "Health.Api\Health.Api.csproj", "{0D9750E4-4C2A-4A7A-BB6C-317AD282C056}"
EndProject
Global
	GlobalSection(SolutionConfigurationPlatforms) = preSolution
		Debug|Any CPU = Debug|Any CPU
		Release|Any CPU = Release|Any CPU
	EndGlobalSection
	GlobalSection(ProjectConfigurationPlatforms) = postSolution
		{916E9126-F8B0-4293-8F7A-2E638BEE2B80}.Debug|Any CPU.ActiveCfg = Debug|Any CPU
		{916E9126-F8B0-4293-8F7A-2E638BEE2B80}.Debug|Any CPU.Build.0 = Debug|Any CPU
		{916E9126-F8B0-4293-8F7A-2E638BEE2B80}.Release|Any CPU.ActiveCfg = Release|Any CPU
		{916E9126-F8B0-4293-8F7A-2E638BEE2B80}.Release|Any CPU.Build.0 = Release|Any CPU
		{0D9750E4-4C2A-4A7A-BB6C-317AD282C056}.Debug|Any CPU.ActiveCfg = Debug|Any CPU
		{0D9750E4-4C2A-4A7A-BB6C-317AD282C056}.Debug|Any CPU.Build.0 = Debug|Any CPU
		{0D9750E4-4C2A-4A7A-BB6C-317AD282C056}.Release|Any CPU.ActiveCfg = Release|Any CPU
		{0D9750E4-4C2A-4A7A-BB6C-317AD282C056}.Release|Any CPU.Build.0 = Release|Any CPU
	EndGlobalSection
EndGlobal
