
Microsoft Visual Studio Solution File, Format Version 12.00
# Visual Studio 15
Project("{FAE04EC0-301F-11D3-BF4B-00C04F79EFBC}") = "Health.Web", "Health.Web\Health.Web.csproj", "{916E9126-F8B0-4293-8F7A-2E638BEE2B80}"
EndProject
Project("{FAE04EC0-301F-11D3-BF4B-00C04F79EFBC}") = "Health.Api", "Health.Api\Health.Api.csproj", "{0D9750E4-4C2A-4A7A-BB6C-317AD282C056}"
EndProject
Project("{2150E333-8FDC-42A3-9474-1A3956D46DE8}") = "Common", "Common", "{81B551C5-5A7A-42BC-A16D-36DF2927D8EC}"
EndProject
Project("{FAE04EC0-301F-11D3-BF4B-00C04F79EFBC}") = "Common.Auth", "Common\Common.Auth\Common.Auth.csproj", "{1982A466-DDE2-410B-ACF7-9A3DCAF1DA2B}"
EndProject
Project("{FAE04EC0-301F-11D3-BF4B-00C04F79EFBC}") = "Common.Blob", "Common\Common.Blob\Common.Blob.csproj", "{FCFF4347-858C-44DF-88C1-DBB927ED6F53}"
EndProject
Project("{FAE04EC0-301F-11D3-BF4B-00C04F79EFBC}") = "Common.DocDb", "Common\Common.DocDb\Common.DocDb.csproj", "{CE2DDE51-7EEC-4778-877F-8CF1B398F70C}"
EndProject
Project("{FAE04EC0-301F-11D3-BF4B-00C04F79EFBC}") = "Common.Kusto", "Common\Common.Kusto\Common.Kusto.csproj", "{CA9B93B8-0B97-4C6F-BFA6-3C48367923EF}"
EndProject
Project("{FAE04EC0-301F-11D3-BF4B-00C04F79EFBC}") = "Common.Batch", "Common\Common.Batch\Common.Batch.csproj", "{1E6C7C53-64A1-481F-A394-87A0B7DF9FBF}"
EndProject
Project("{FAE04EC0-301F-11D3-BF4B-00C04F79EFBC}") = "Common.Config", "Common\Common.Config\Common.Config.csproj", "{D6479739-85A3-493C-9C6A-8BB9E7D9DB4B}"
EndProject
Project("{FAE04EC0-301F-11D3-BF4B-00C04F79EFBC}") = "Common.KeyVault", "Common\Common.KeyVault\Common.KeyVault.csproj", "{0582D8DE-4F9F-45E9-9490-D3B936C335BC}"
EndProject
Project("{FAE04EC0-301F-11D3-BF4B-00C04F79EFBC}") = "Common.Telemetry", "Common\Common.Telemetry\Common.Telemetry.csproj", "{7792077F-1F87-418A-8B7D-C8255BA6BAAB}"
EndProject
Global
	GlobalSection(SolutionConfigurationPlatforms) = preSolution
		Debug|Any CPU = Debug|Any CPU
		Release|Any CPU = Release|Any CPU
	EndGlobalSection
	GlobalSection(ProjectConfigurationPlatforms) = postSolution
		{916E9126-F8B0-4293-8F7A-2E638BEE2B80}.Debug|Any CPU.ActiveCfg = Debug|Any CPU
		{916E9126-F8B0-4293-8F7A-2E638BEE2B80}.Debug|Any CPU.Build.0 = Debug|Any CPU
		{916E9126-F8B0-4293-8F7A-2E638BEE2B80}.Release|Any CPU.ActiveCfg = Release|Any CPU
		{916E9126-F8B0-4293-8F7A-2E638BEE2B80}.Release|Any CPU.Build.0 = Release|Any CPU
		{0D9750E4-4C2A-4A7A-BB6C-317AD282C056}.Debug|Any CPU.ActiveCfg = Debug|Any CPU
		{0D9750E4-4C2A-4A7A-BB6C-317AD282C056}.Debug|Any CPU.Build.0 = Debug|Any CPU
		{0D9750E4-4C2A-4A7A-BB6C-317AD282C056}.Release|Any CPU.ActiveCfg = Release|Any CPU
		{0D9750E4-4C2A-4A7A-BB6C-317AD282C056}.Release|Any CPU.Build.0 = Release|Any CPU
		{1982A466-DDE2-410B-ACF7-9A3DCAF1DA2B}.Debug|Any CPU.ActiveCfg = Debug|Any CPU
		{1982A466-DDE2-410B-ACF7-9A3DCAF1DA2B}.Debug|Any CPU.Build.0 = Debug|Any CPU
		{1982A466-DDE2-410B-ACF7-9A3DCAF1DA2B}.Release|Any CPU.ActiveCfg = Release|Any CPU
		{1982A466-DDE2-410B-ACF7-9A3DCAF1DA2B}.Release|Any CPU.Build.0 = Release|Any CPU
		{FCFF4347-858C-44DF-88C1-DBB927ED6F53}.Debug|Any CPU.ActiveCfg = Debug|Any CPU
		{FCFF4347-858C-44DF-88C1-DBB927ED6F53}.Debug|Any CPU.Build.0 = Debug|Any CPU
		{FCFF4347-858C-44DF-88C1-DBB927ED6F53}.Release|Any CPU.ActiveCfg = Release|Any CPU
		{FCFF4347-858C-44DF-88C1-DBB927ED6F53}.Release|Any CPU.Build.0 = Release|Any CPU
		{CE2DDE51-7EEC-4778-877F-8CF1B398F70C}.Debug|Any CPU.ActiveCfg = Debug|Any CPU
		{CE2DDE51-7EEC-4778-877F-8CF1B398F70C}.Debug|Any CPU.Build.0 = Debug|Any CPU
		{CE2DDE51-7EEC-4778-877F-8CF1B398F70C}.Release|Any CPU.ActiveCfg = Release|Any CPU
		{CE2DDE51-7EEC-4778-877F-8CF1B398F70C}.Release|Any CPU.Build.0 = Release|Any CPU
		{CA9B93B8-0B97-4C6F-BFA6-3C48367923EF}.Debug|Any CPU.ActiveCfg = Debug|Any CPU
		{CA9B93B8-0B97-4C6F-BFA6-3C48367923EF}.Debug|Any CPU.Build.0 = Debug|Any CPU
		{CA9B93B8-0B97-4C6F-BFA6-3C48367923EF}.Release|Any CPU.ActiveCfg = Release|Any CPU
		{CA9B93B8-0B97-4C6F-BFA6-3C48367923EF}.Release|Any CPU.Build.0 = Release|Any CPU
		{1E6C7C53-64A1-481F-A394-87A0B7DF9FBF}.Debug|Any CPU.ActiveCfg = Debug|Any CPU
		{1E6C7C53-64A1-481F-A394-87A0B7DF9FBF}.Debug|Any CPU.Build.0 = Debug|Any CPU
		{1E6C7C53-64A1-481F-A394-87A0B7DF9FBF}.Release|Any CPU.ActiveCfg = Release|Any CPU
		{1E6C7C53-64A1-481F-A394-87A0B7DF9FBF}.Release|Any CPU.Build.0 = Release|Any CPU
		{D6479739-85A3-493C-9C6A-8BB9E7D9DB4B}.Debug|Any CPU.ActiveCfg = Debug|Any CPU
		{D6479739-85A3-493C-9C6A-8BB9E7D9DB4B}.Debug|Any CPU.Build.0 = Debug|Any CPU
		{D6479739-85A3-493C-9C6A-8BB9E7D9DB4B}.Release|Any CPU.ActiveCfg = Release|Any CPU
		{D6479739-85A3-493C-9C6A-8BB9E7D9DB4B}.Release|Any CPU.Build.0 = Release|Any CPU
		{0582D8DE-4F9F-45E9-9490-D3B936C335BC}.Debug|Any CPU.ActiveCfg = Debug|Any CPU
		{0582D8DE-4F9F-45E9-9490-D3B936C335BC}.Debug|Any CPU.Build.0 = Debug|Any CPU
		{0582D8DE-4F9F-45E9-9490-D3B936C335BC}.Release|Any CPU.ActiveCfg = Release|Any CPU
		{0582D8DE-4F9F-45E9-9490-D3B936C335BC}.Release|Any CPU.Build.0 = Release|Any CPU
		{7792077F-1F87-418A-8B7D-C8255BA6BAAB}.Debug|Any CPU.ActiveCfg = Debug|Any CPU
		{7792077F-1F87-418A-8B7D-C8255BA6BAAB}.Debug|Any CPU.Build.0 = Debug|Any CPU
		{7792077F-1F87-418A-8B7D-C8255BA6BAAB}.Release|Any CPU.ActiveCfg = Release|Any CPU
		{7792077F-1F87-418A-8B7D-C8255BA6BAAB}.Release|Any CPU.Build.0 = Release|Any CPU
	EndGlobalSection
	GlobalSection(NestedProjects) = preSolution
		{1982A466-DDE2-410B-ACF7-9A3DCAF1DA2B} = {81B551C5-5A7A-42BC-A16D-36DF2927D8EC}
		{FCFF4347-858C-44DF-88C1-DBB927ED6F53} = {81B551C5-5A7A-42BC-A16D-36DF2927D8EC}
		{CE2DDE51-7EEC-4778-877F-8CF1B398F70C} = {81B551C5-5A7A-42BC-A16D-36DF2927D8EC}
		{CA9B93B8-0B97-4C6F-BFA6-3C48367923EF} = {81B551C5-5A7A-42BC-A16D-36DF2927D8EC}
		{1E6C7C53-64A1-481F-A394-87A0B7DF9FBF} = {81B551C5-5A7A-42BC-A16D-36DF2927D8EC}
		{D6479739-85A3-493C-9C6A-8BB9E7D9DB4B} = {81B551C5-5A7A-42BC-A16D-36DF2927D8EC}
		{0582D8DE-4F9F-45E9-9490-D3B936C335BC} = {81B551C5-5A7A-42BC-A16D-36DF2927D8EC}
		{7792077F-1F87-418A-8B7D-C8255BA6BAAB} = {81B551C5-5A7A-42BC-A16D-36DF2927D8EC}
	EndGlobalSection
EndGlobal
